
Microsoft Visual Studio Solution File, Format Version 12.00
# Visual Studio Version 17
VisualStudioVersion = 17.9.34723.18
MinimumVisualStudioVersion = 10.0.40219.1
Project("{FAE04EC0-301F-11D3-BF4B-00C04F79EFBC}") = "WpfB1", "WpfB1\WpfB1.csproj", "{BEBC3DBB-C357-429C-94F4-7E6DF7220410}"
EndProject
Global
	GlobalSection(SolutionConfigurationPlatforms) = preSolution
		Debug|Any CPU = Debug|Any CPU
		Release|Any CPU = Release|Any CPU
	EndGlobalSection
	GlobalSection(ProjectConfigurationPlatforms) = postSolution
		{BEBC3DBB-C357-429C-94F4-7E6DF7220410}.Debug|Any CPU.ActiveCfg = Debug|Any CPU
		{BEBC3DBB-C357-429C-94F4-7E6DF7220410}.Debug|Any CPU.Build.0 = Debug|Any CPU
		{BEBC3DBB-C357-429C-94F4-7E6DF7220410}.Release|Any CPU.ActiveCfg = Release|Any CPU
		{BEBC3DBB-C357-429C-94F4-7E6DF7220410}.Release|Any CPU.Build.0 = Release|Any CPU
	EndGlobalSection
	GlobalSection(SolutionProperties) = preSolution
		HideSolutionNode = FALSE
	EndGlobalSection
	GlobalSection(ExtensibilityGlobals) = postSolution
		SolutionGuid = {0E86EF5B-75DD-4556-915C-3EE5E62B2AE9}
	EndGlobalSection
EndGlobal
